
Microsoft Visual Studio Solution File, Format Version 12.00
# Visual Studio 15
VisualStudioVersion = 15.0.28010.2050
MinimumVisualStudioVersion = 10.0.40219.1
Project("{FAE04EC0-301F-11D3-BF4B-00C04F79EFBC}") = "sharp", "sharp\sharp.csproj", "{CAC77DB6-0EA9-4EEB-91AD-E8C61C25DD14}"
EndProject
Global
	GlobalSection(SolutionConfigurationPlatforms) = preSolution
		Debug|Any CPU = Debug|Any CPU
		Release|Any CPU = Release|Any CPU
	EndGlobalSection
	GlobalSection(ProjectConfigurationPlatforms) = postSolution
		{CAC77DB6-0EA9-4EEB-91AD-E8C61C25DD14}.Debug|Any CPU.ActiveCfg = Debug|Any CPU
		{CAC77DB6-0EA9-4EEB-91AD-E8C61C25DD14}.Debug|Any CPU.Build.0 = Debug|Any CPU
		{CAC77DB6-0EA9-4EEB-91AD-E8C61C25DD14}.Release|Any CPU.ActiveCfg = Release|Any CPU
		{CAC77DB6-0EA9-4EEB-91AD-E8C61C25DD14}.Release|Any CPU.Build.0 = Release|Any CPU
	EndGlobalSection
	GlobalSection(SolutionProperties) = preSolution
		HideSolutionNode = FALSE
	EndGlobalSection
	GlobalSection(ExtensibilityGlobals) = postSolution
		SolutionGuid = {AFD71F80-4BC9-4129-A4F6-EB86FB651CC9}
	EndGlobalSection
EndGlobal
